
Microsoft Visual Studio Solution File, Format Version 12.00
# Visual Studio Version 16
VisualStudioVersion = 16.0.30621.155
MinimumVisualStudioVersion = 10.0.40219.1
Project("{9A19103F-16F7-4668-BE54-9A1E7A4F7556}") = "TreeCalculator", "TreeCalculator\TreeCalculator.csproj", "{FD4D237F-AB9F-4BC6-97D2-FD0DEAC4F852}"
EndProject
Project("{FAE04EC0-301F-11D3-BF4B-00C04F79EFBC}") = "TreeCalculatorUnitTests", "TreeCalculatorUnitTests\TreeCalculatorUnitTests.csproj", "{91CB37F9-3F5F-4EC6-BCD2-C15804A1A7A1}"
EndProject
Global
	GlobalSection(SolutionConfigurationPlatforms) = preSolution
		Debug|Any CPU = Debug|Any CPU
		Release|Any CPU = Release|Any CPU
	EndGlobalSection
	GlobalSection(ProjectConfigurationPlatforms) = postSolution
		{FD4D237F-AB9F-4BC6-97D2-FD0DEAC4F852}.Debug|Any CPU.ActiveCfg = Debug|Any CPU
		{FD4D237F-AB9F-4BC6-97D2-FD0DEAC4F852}.Debug|Any CPU.Build.0 = Debug|Any CPU
		{FD4D237F-AB9F-4BC6-97D2-FD0DEAC4F852}.Release|Any CPU.ActiveCfg = Release|Any CPU
		{FD4D237F-AB9F-4BC6-97D2-FD0DEAC4F852}.Release|Any CPU.Build.0 = Release|Any CPU
		{91CB37F9-3F5F-4EC6-BCD2-C15804A1A7A1}.Debug|Any CPU.ActiveCfg = Debug|Any CPU
		{91CB37F9-3F5F-4EC6-BCD2-C15804A1A7A1}.Debug|Any CPU.Build.0 = Debug|Any CPU
		{91CB37F9-3F5F-4EC6-BCD2-C15804A1A7A1}.Release|Any CPU.ActiveCfg = Release|Any CPU
		{91CB37F9-3F5F-4EC6-BCD2-C15804A1A7A1}.Release|Any CPU.Build.0 = Release|Any CPU
	EndGlobalSection
	GlobalSection(SolutionProperties) = preSolution
		HideSolutionNode = FALSE
	EndGlobalSection
	GlobalSection(ExtensibilityGlobals) = postSolution
		SolutionGuid = {26886EA9-0404-494C-9965-C8CF537B27AA}
	EndGlobalSection
EndGlobal
